
Microsoft Visual Studio Solution File, Format Version 12.00
# Visual Studio Version 17
VisualStudioVersion = 17.9.34728.123
MinimumVisualStudioVersion = 10.0.40219.1
Project("{FAE04EC0-301F-11D3-BF4B-00C04F79EFBC}") = "ConsoleApp2", "ConsoleApp2\ConsoleApp2.csproj", "{FECE8938-109D-435F-8F61-CC0F5A8747DF}"
EndProject
Global
	GlobalSection(SolutionConfigurationPlatforms) = preSolution
		Debug|Any CPU = Debug|Any CPU
		Release|Any CPU = Release|Any CPU
	EndGlobalSection
	GlobalSection(ProjectConfigurationPlatforms) = postSolution
		{FECE8938-109D-435F-8F61-CC0F5A8747DF}.Debug|Any CPU.ActiveCfg = Debug|Any CPU
		{FECE8938-109D-435F-8F61-CC0F5A8747DF}.Debug|Any CPU.Build.0 = Debug|Any CPU
		{FECE8938-109D-435F-8F61-CC0F5A8747DF}.Release|Any CPU.ActiveCfg = Release|Any CPU
		{FECE8938-109D-435F-8F61-CC0F5A8747DF}.Release|Any CPU.Build.0 = Release|Any CPU
	EndGlobalSection
	GlobalSection(SolutionProperties) = preSolution
		HideSolutionNode = FALSE
	EndGlobalSection
	GlobalSection(ExtensibilityGlobals) = postSolution
		SolutionGuid = {DD4AAEE2-D4F5-485E-A68A-4C2119750F1A}
	EndGlobalSection
EndGlobal
